
Microsoft Visual Studio Solution File, Format Version 12.00
# Visual Studio 14
VisualStudioVersion = 14.0.24720.0
MinimumVisualStudioVersion = 10.0.40219.1
Project("{FAE04EC0-301F-11D3-BF4B-00C04F79EFBC}") = "radioButton2", "radioButton2\radioButton2.csproj", "{F5DBF2B4-F22B-4B7A-825E-48E22819283D}"
EndProject
Global
	GlobalSection(SolutionConfigurationPlatforms) = preSolution
		Debug|Any CPU = Debug|Any CPU
		Release|Any CPU = Release|Any CPU
	EndGlobalSection
	GlobalSection(ProjectConfigurationPlatforms) = postSolution
		{F5DBF2B4-F22B-4B7A-825E-48E22819283D}.Debug|Any CPU.ActiveCfg = Debug|Any CPU
		{F5DBF2B4-F22B-4B7A-825E-48E22819283D}.Debug|Any CPU.Build.0 = Debug|Any CPU
		{F5DBF2B4-F22B-4B7A-825E-48E22819283D}.Release|Any CPU.ActiveCfg = Release|Any CPU
		{F5DBF2B4-F22B-4B7A-825E-48E22819283D}.Release|Any CPU.Build.0 = Release|Any CPU
	EndGlobalSection
	GlobalSection(SolutionProperties) = preSolution
		HideSolutionNode = FALSE
	EndGlobalSection
EndGlobal
