
Microsoft Visual Studio Solution File, Format Version 12.00
# Visual Studio Version 16
VisualStudioVersion = 16.0.33027.164
MinimumVisualStudioVersion = 10.0.40219.1
Project("{FAE04EC0-301F-11D3-BF4B-00C04F79EFBC}") = "Hesap Makinesi", "Hesap Makinesi\Hesap Makinesi.csproj", "{542EE830-46DC-4E5F-BA10-81F56C17991B}"
EndProject
Global
	GlobalSection(SolutionConfigurationPlatforms) = preSolution
		Debug|Any CPU = Debug|Any CPU
		Release|Any CPU = Release|Any CPU
	EndGlobalSection
	GlobalSection(ProjectConfigurationPlatforms) = postSolution
		{542EE830-46DC-4E5F-BA10-81F56C17991B}.Debug|Any CPU.ActiveCfg = Debug|Any CPU
		{542EE830-46DC-4E5F-BA10-81F56C17991B}.Debug|Any CPU.Build.0 = Debug|Any CPU
		{542EE830-46DC-4E5F-BA10-81F56C17991B}.Release|Any CPU.ActiveCfg = Release|Any CPU
		{542EE830-46DC-4E5F-BA10-81F56C17991B}.Release|Any CPU.Build.0 = Release|Any CPU
	EndGlobalSection
	GlobalSection(SolutionProperties) = preSolution
		HideSolutionNode = FALSE
	EndGlobalSection
	GlobalSection(ExtensibilityGlobals) = postSolution
		SolutionGuid = {54E6F785-E7C9-45F6-A468-F957FDBF80D0}
	EndGlobalSection
EndGlobal
